
Microsoft Visual Studio Solution File, Format Version 12.00
# Visual Studio Version 17
VisualStudioVersion = 17.5.33516.290
MinimumVisualStudioVersion = 10.0.40219.1
Project("{9092AA53-FB77-4645-B42D-1CCCA6BD08BD}") = "Sudoku", "Sudoku.njsproj", "{64A014FC-0805-41A1-8A2D-67E83005B94A}"
EndProject
Global
	GlobalSection(SolutionConfigurationPlatforms) = preSolution
		Debug|Any CPU = Debug|Any CPU
		Release|Any CPU = Release|Any CPU
	EndGlobalSection
	GlobalSection(ProjectConfigurationPlatforms) = postSolution
		{64A014FC-0805-41A1-8A2D-67E83005B94A}.Debug|Any CPU.ActiveCfg = Debug|Any CPU
		{64A014FC-0805-41A1-8A2D-67E83005B94A}.Debug|Any CPU.Build.0 = Debug|Any CPU
		{64A014FC-0805-41A1-8A2D-67E83005B94A}.Release|Any CPU.ActiveCfg = Release|Any CPU
		{64A014FC-0805-41A1-8A2D-67E83005B94A}.Release|Any CPU.Build.0 = Release|Any CPU
	EndGlobalSection
	GlobalSection(SolutionProperties) = preSolution
		HideSolutionNode = FALSE
	EndGlobalSection
	GlobalSection(ExtensibilityGlobals) = postSolution
		SolutionGuid = {DB4E8573-1F5E-4111-86CB-7AC2DD356362}
	EndGlobalSection
EndGlobal
